// !$*UTF8*$!
{
	archiveVersion = 1;
	classes = {
	};
	objectVersion = 48;
	objects = {

/* Begin PBXBuildFile section */
		22A60A742024FB100083A25A /* AppDelegate.swift in Sources */ = {isa = PBXBuildFile; fileRef = 22A60A732024FB100083A25A /* AppDelegate.swift */; };
		22A60A762024FB100083A25A /* ViewController.swift in Sources */ = {isa = PBXBuildFile; fileRef = 22A60A752024FB100083A25A /* ViewController.swift */; };
		22A60A792024FB100083A25A /* Main.storyboard in Resources */ = {isa = PBXBuildFile; fileRef = 22A60A772024FB100083A25A /* Main.storyboard */; };
		22A60A7B2024FB100083A25A /* Assets.xcassets in Resources */ = {isa = PBXBuildFile; fileRef = 22A60A7A2024FB100083A25A /* Assets.xcassets */; };
		22A60A7E2024FB100083A25A /* LaunchScreen.storyboard in Resources */ = {isa = PBXBuildFile; fileRef = 22A60A7C2024FB100083A25A /* LaunchScreen.storyboard */; };
		22A60A862025013B0083A25A /* samplePDf.pdf in Resources */ = {isa = PBXBuildFile; fileRef = 22A60A852025013B0083A25A /* samplePDf.pdf */; };
/* End PBXBuildFile section */

/* Begin PBXFileReference section */
		22A60A702024FB100083A25A /* QuickLookDemo.app */ = {isa = PBXFileReference; explicitFileType = wrapper.application; includeInIndex = 0; path = QuickLookDemo.app; sourceTree = BUILT_PRODUCTS_DIR; };
		22A60A732024FB100083A25A /* AppDelegate.swift */ = {isa = PBXFileReference; lastKnownFileType = sourcecode.swift; path = AppDelegate.swift; sourceTree = "<group>"; };
		22A60A752024FB100083A25A /* ViewController.swift */ = {isa = PBXFileReference; lastKnownFileType = sourcecode.swift; path = ViewController.swift; sourceTree = "<group>"; };
		22A60A782024FB100083A25A /* Base */ = {isa = PBXFileReference; lastKnownFileType = file.storyboard; name = Base; path = Base.lproj/Main.storyboard; sourceTree = "<group>"; };
		22A60A7A2024FB100083A25A /* Assets.xcassets */ = {isa = PBXFileReference; lastKnownFileType = folder.assetcatalog; path = Assets.xcassets; sourceTree = "<group>"; };
		22A60A7D2024FB100083A25A /* Base */ = {isa = PBXFileReference; lastKnownFileType = file.storyboard; name = Base; path = Base.lproj/LaunchScreen.storyboard; sourceTree = "<group>"; };
		22A60A7F2024FB100083A25A /* Info.plist */ = {isa = PBXFileReference; lastKnownFileType = text.plist.xml; path = Info.plist; sourceTree = "<group>"; };
		22A60A852025013B0083A25A /* samplePDf.pdf */ = {isa = PBXFileReference; lastKnownFileType = image.pdf; path = samplePDf.pdf; sourceTree = "<group>"; };
/* End PBXFileReference section */

/* Begin PBXFrameworksBuildPhase section */
		22A60A6D2024FB100083A25A /* Frameworks */ = {
			isa = PBXFrameworksBuildPhase;
			buildActionMask = 2147483647;
			files = (
			);
			runOnlyForDeploymentPostprocessing = 0;
		};
/* End PBXFrameworksBuildPhase section */

/* Begin PBXGroup section */
		22A60A672024FB100083A25A = {
			isa = PBXGroup;
			children = (
				22A60A722024FB100083A25A /* QuickLookDemo */,
				22A60A712024FB100083A25A /* Products */,
			);
			sourceTree = "<group>";
		};
		22A60A712024FB100083A25A /* Products */ = {
			isa = PBXGroup;
			children = (
				22A60A702024FB100083A25A /* QuickLookDemo.app */,
			);
			name = Products;
			sourceTree = "<group>";
		};
		22A60A722024FB100083A25A /* QuickLookDemo */ = {
			isa = PBXGroup;
			children = (
				22A60A732024FB100083A25A /* AppDelegate.swift */,
				22A60A752024FB100083A25A /* ViewController.swift */,
				22A60A772024FB100083A25A /* Main.storyboard */,
				22A60A852025013B0083A25A /* samplePDf.pdf */,
				22A60A7A2024FB100083A25A /* Assets.xcassets */,
				22A60A7C2024FB100083A25A /* LaunchScreen.storyboard */,
				22A60A7F2024FB100083A25A /* Info.plist */,
			);
			path = QuickLookDemo;
			sourceTree = "<group>";
		};
/* End PBXGroup section */

/* Begin PBXNativeTarget section */
		22A60A6F2024FB100083A25A /* QuickLookDemo */ = {
			isa = PBXNativeTarget;
			buildConfigurationList = 22A60A822024FB100083A25A /* Build configuration list for PBXNativeTarget "QuickLookDemo" */;
			buildPhases = (
				22A60A6C2024FB100083A25A /* Sources */,
				22A60A6D2024FB100083A25A /* Frameworks */,
				22A60A6E2024FB100083A25A /* Resources */,
			);
			buildRules = (
			);
			dependencies = (
			);
			name = QuickLookDemo;
			productName = QuickLookDemo;
			productReference = 22A60A702024FB100083A25A /* QuickLookDemo.app */;
			productType = "com.apple.product-type.application";
		};
/* End PBXNativeTarget section */

/* Begin PBXProject section */
		22A60A682024FB100083A25A /* Project object */ = {
			isa = PBXProject;
			attributes = {
				LastSwiftUpdateCheck = 0910;
				LastUpgradeCheck = 0910;
				ORGANIZATIONNAME = Vivek;
				TargetAttributes = {
					22A60A6F2024FB100083A25A = {
						CreatedOnToolsVersion = 9.1;
						ProvisioningStyle = Automatic;
					};
				};
			};
			buildConfigurationList = 22A60A6B2024FB100083A25A /* Build configuration list for PBXProject "QuickLookDemo" */;
			compatibilityVersion = "Xcode 8.0";
			developmentRegion = en;
			hasScannedForEncodings = 0;
			knownRegions = (
				en,
				Base,
			);
			mainGroup = 22A60A672024FB100083A25A;
			productRefGroup = 22A60A712024FB100083A25A /* Products */;
			projectDirPath = "";
			projectRoot = "";
			targets = (
				22A60A6F2024FB100083A25A /* QuickLookDemo */,
			);
		};
/* End PBXProject section */

/* Begin PBXResourcesBuildPhase section */
		22A60A6E2024FB100083A25A /* Resources */ = {
			isa = PBXResourcesBuildPhase;
			buildActionMask = 2147483647;
			files = (
				22A60A7E2024FB100083A25A /* LaunchScreen.storyboard in Resources */,
				22A60A862025013B0083A25A /* samplePDf.pdf in Resources */,
				22A60A7B2024FB100083A25A /* Assets.xcassets in Resources */,
				22A60A792024FB100083A25A /* Main.storyboard in Resources */,
			);
			runOnlyForDeploymentPostprocessing = 0;
		};
/* End PBXResourcesBuildPhase section */

/* Begin PBXSourcesBuildPhase section */
		22A60A6C2024FB100083A25A /* Sources */ = {
			isa = PBXSourcesBuildPhase;
			buildActionMask = 2147483647;
			files = (
				22A60A762024FB100083A25A /* ViewController.swift in Sources */,
				22A60A742024FB100083A25A /* AppDelegate.swift in Sources */,
			);
			runOnlyForDeploymentPostprocessing = 0;
		};
/* End PBXSourcesBuildPhase section */

/* Begin PBXVariantGroup section */
		22A60A772024FB100083A25A /* Main.storyboard */ = {
			isa = PBXVariantGroup;
			children = (
				22A60A782024FB100083A25A /* Base */,
			);
			name = Main.storyboard;
			sourceTree = "<group>";
		};
		22A60A7C2024FB100083A25A /* LaunchScreen.storyboard */ = {
			isa = PBXVariantGroup;
			children = (
				22A60A7D2024FB100083A25A /* Base */,
			);
			name = LaunchScreen.storyboard;
			sourceTree = "<group>";
		};
/* End PBXVariantGroup section */

/* Begin XCBuildConfiguration section */
		22A60A802024FB100083A25A /* Debug */ = {
			isa = XCBuildConfiguration;
			buildSettings = {
				ALWAYS_SEARCH_USER_PATHS = NO;
				CLANG_ANALYZER_NONNULL = YES;
				CLANG_ANALYZER_NUMBER_OBJECT_CONVERSION = YES_AGGRESSIVE;
				CLANG_CXX_LANGUAGE_STANDARD = "gnu++14";
				CLANG_CXX_LIBRARY = "libc++";
				CLANG_ENABLE_MODULES = YES;
				CLANG_ENABLE_OBJC_ARC = YES;
				CLANG_WARN_BLOCK_CAPTURE_AUTORELEASING = YES;
				CLANG_WARN_BOOL_CONVERSION = YES;
				CLANG_WARN_COMMA = YES;
				CLANG_WARN_CONSTANT_CONVERSION = YES;
				CLANG_WARN_DIRECT_OBJC_ISA_USAGE = YES_ERROR;
				CLANG_WARN_DOCUMENTATION_COMMENTS = YES;
				CLANG_WARN_EMPTY_BODY = YES;
				CLANG_WARN_ENUM_CONVERSION = YES;
				CLANG_WARN_INFINITE_RECURSION = YES;
				CLANG_WARN_INT_CONVERSION = YES;
				CLANG_WARN_NON_LITERAL_NULL_CONVERSION = YES;
				CLANG_WARN_OBJC_LITERAL_CONVERSION = YES;
				CLANG_WARN_OBJC_ROOT_CLASS = YES_ERROR;
				CLANG_WARN_RANGE_LOOP_ANALYSIS = YES;
				CLANG_WARN_STRICT_PROTOTYPES = YES;
				CLANG_WARN_SUSPICIOUS_MOVE = YES;
				CLANG_WARN_UNGUARDED_AVAILABILITY = YES_AGGRESSIVE;
				CLANG_WARN_UNREACHABLE_CODE = YES;
				CLANG_WARN__DUPLICATE_METHOD_MATCH = YES;
				CODE_SIGN_IDENTITY = "iPhone Developer";
				COPY_PHASE_STRIP = NO;
				DEBUG_INFORMATION_FORMAT = dwarf;
				ENABLE_STRICT_OBJC_MSGSEND = YES;
				ENABLE_TESTABILITY = YES;
				GCC_C_LANGUAGE_STANDARD = gnu11;
				GCC_DYNAMIC_NO_PIC = NO;
				GCC_NO_COMMON_BLOCKS = YES;
				GCC_OPTIMIZATION_LEVEL = 0;
				GCC_PREPROCESSOR_DEFINITIONS = (
					"DEBUG=1",
					"$(inherited)",
				);
				GCC_WARN_64_TO_32_BIT_CONVERSION = YES;
				GCC_WARN_ABOUT_RETURN_TYPE = YES_ERROR;
				GCC_WARN_UNDECLARED_SELECTOR = YES;
				GCC_WARN_UNINITIALIZED_AUTOS = YES_AGGRESSIVE;
				GCC_WARN_UNUSED_FUNCTION = YES;
				GCC_WARN_UNUSED_VARIABLE = YES;
				IPHONEOS_DEPLOYMENT_TARGET = 11.1;
				MTL_ENABLE_DEBUG_INFO = YES;
				ONLY_ACTIVE_ARCH = YES;
				SDKROOT = iphoneos;
				SWIFT_ACTIVE_COMPILATION_CONDITIONS = DEBUG;
				SWIFT_OPTIMIZATION_LEVEL = "-Onone";
			};
			name = Debug;
		};
		22A60A812024FB100083A25A /* Release */ = {
			isa = XCBuildConfiguration;
			buildSettings = {
				ALWAYS_SEARCH_USER_PATHS = NO;
				CLANG_ANALYZER_NONNULL = YES;
				CLANG_ANALYZER_NUMBER_OBJECT_CONVERSION = YES_AGGRESSIVE;
				CLANG_CXX_LANGUAGE_STANDARD = "gnu++14";
				CLANG_CXX_LIBRARY = "libc++";
				CLANG_ENABLE_MODULES = YES;
				CLANG_ENABLE_OBJC_ARC = YES;
				CLANG_WARN_BLOCK_CAPTURE_AUTORELEASING = YES;
				CLANG_WARN_BOOL_CONVERSION = YES;
				CLANG_WARN_COMMA = YES;
				CLANG_WARN_CONSTANT_CONVERSION = YES;
				CLANG_WARN_DIRECT_OBJC_ISA_USAGE = YES_ERROR;
				CLANG_WARN_DOCUMENTATION_COMMENTS = YES;
				CLANG_WARN_EMPTY_BODY = YES;
				CLANG_WARN_ENUM_CONVERSION = YES;
				CLANG_WARN_INFINITE_RECURSION = YES;
				CLANG_WARN_INT_CONVERSION = YES;
				CLANG_WARN_NON_LITERAL_NULL_CONVERSION = YES;
				CLANG_WARN_OBJC_LITERAL_CONVERSION = YES;
				CLANG_WARN_OBJC_ROOT_CLASS = YES_ERROR;
				CLANG_WARN_RANGE_LOOP_ANALYSIS = YES;
				CLANG_WARN_STRICT_PROTOTYPES = YES;
				CLANG_WARN_SUSPICIOUS_MOVE = YES;
				CLANG_WARN_UNGUARDED_AVAILABILITY = YES_AGGRESSIVE;
				CLANG_WARN_UNREACHABLE_CODE = YES;
				CLANG_WARN__DUPLICATE_METHOD_MATCH = YES;
				CODE_SIGN_IDENTITY = "iPhone Developer";
				COPY_PHASE_STRIP = NO;
				DEBUG_INFORMATION_FORMAT = "dwarf-with-dsym";
				ENABLE_NS_ASSERTIONS = NO;
				ENABLE_STRICT_OBJC_MSGSEND = YES;
				GCC_C_LANGUAGE_STANDARD = gnu11;
				GCC_NO_COMMON_BLOCKS = YES;
				GCC_WARN_64_TO_32_BIT_CONVERSION = YES;
				GCC_WARN_ABOUT_RETURN_TYPE = YES_ERROR;
				GCC_WARN_UNDECLARED_SELECTOR = YES;
				GCC_WARN_UNINITIALIZED_AUTOS = YES_AGGRESSIVE;
				GCC_WARN_UNUSED_FUNCTION = YES;
				GCC_WARN_UNUSED_VARIABLE = YES;
				IPHONEOS_DEPLOYMENT_TARGET = 11.1;
				MTL_ENABLE_DEBUG_INFO = NO;
				SDKROOT = iphoneos;
				SWIFT_OPTIMIZATION_LEVEL = "-Owholemodule";
				VALIDATE_PRODUCT = YES;
			};
			name = Release;
		};
		22A60A832024FB100083A25A /* Debug */ = {
			isa = XCBuildConfiguration;
			buildSettings = {
				ASSETCATALOG_COMPILER_APPICON_NAME = AppIcon;
				CODE_SIGN_STYLE = Automatic;
				INFOPLIST_FILE = QuickLookDemo/Info.plist;
				LD_RUNPATH_SEARCH_PATHS = "$(inherited) @executable_path/Frameworks";
				PRODUCT_BUNDLE_IDENTIFIER = com.NA.QuickLookDemo;
				PRODUCT_NAME = "$(TARGET_NAME)";
				SWIFT_VERSION = 4.0;
				TARGETED_DEVICE_FAMILY = "1,2";
			};
			name = Debug;
		};
		22A60A842024FB100083A25A /* Release */ = {
			isa = XCBuildConfiguration;
			buildSettings = {
				ASSETCATALOG_COMPILER_APPICON_NAME = AppIcon;
				CODE_SIGN_STYLE = Automatic;
				INFOPLIST_FILE = QuickLookDemo/Info.plist;
				LD_RUNPATH_SEARCH_PATHS = "$(inherited) @executable_path/Frameworks";
				PRODUCT_BUNDLE_IDENTIFIER = com.NA.QuickLookDemo;
				PRODUCT_NAME = "$(TARGET_NAME)";
				SWIFT_VERSION = 4.0;
				TARGETED_DEVICE_FAMILY = "1,2";
			};
			name = Release;
		};
/* End XCBuildConfiguration section */

/* Begin XCConfigurationList section */
		22A60A6B2024FB100083A25A /* Build configuration list for PBXProject "QuickLookDemo" */ = {
			isa = XCConfigurationList;
			buildConfigurations = (
				22A60A802024FB100083A25A /* Debug */,
				22A60A812024FB100083A25A /* Release */,
			);
			defaultConfigurationIsVisible = 0;
			defaultConfigurationName = Release;
		};
		22A60A822024FB100083A25A /* Build configuration list for PBXNativeTarget "QuickLookDemo" */ = {
			isa = XCConfigurationList;
			buildConfigurations = (
				22A60A832024FB100083A25A /* Debug */,
				22A60A842024FB100083A25A /* Release */,
			);
			defaultConfigurationIsVisible = 0;
			defaultConfigurationName = Release;
		};
/* End XCConfigurationList section */
	};
	rootObject = 22A60A682024FB100083A25A /* Project object */;
}
